// !$*UTF8*$!
{
	archiveVersion = 1;
	classes = {
	};
	objectVersion = 46;
	objects = {

/* Begin PBXBuildFile section */
		9898FD921C1D01AE007B9A46 /* AppDelegate.swift in Sources */ = {isa = PBXBuildFile; fileRef = 9898FD911C1D01AE007B9A46 /* AppDelegate.swift */; };
		9898FD941C1D01AE007B9A46 /* RecordSoundsViewController.swift in Sources */ = {isa = PBXBuildFile; fileRef = 9898FD931C1D01AE007B9A46 /* RecordSoundsViewController.swift */; };
		9898FD971C1D01AE007B9A46 /* Main.storyboard in Resources */ = {isa = PBXBuildFile; fileRef = 9898FD951C1D01AE007B9A46 /* Main.storyboard */; };
		9898FD991C1D01AE007B9A46 /* Assets.xcassets in Resources */ = {isa = PBXBuildFile; fileRef = 9898FD981C1D01AE007B9A46 /* Assets.xcassets */; };
		9898FD9C1C1D01AE007B9A46 /* LaunchScreen.storyboard in Resources */ = {isa = PBXBuildFile; fileRef = 9898FD9A1C1D01AE007B9A46 /* LaunchScreen.storyboard */; };
		9898FDA41C1DCE81007B9A46 /* PlaySoundsViewControlller.swift in Sources */ = {isa = PBXBuildFile; fileRef = 9898FDA31C1DCE81007B9A46 /* PlaySoundsViewControlller.swift */; };
		98EEC9C51C1E2694000A824F /* Constants.swift in Sources */ = {isa = PBXBuildFile; fileRef = 98EEC9C41C1E2694000A824F /* Constants.swift */; };
		98FECD641C1DF4DF006ECE13 /* RecordedAudio.swift in Sources */ = {isa = PBXBuildFile; fileRef = 98FECD631C1DF4DF006ECE13 /* RecordedAudio.swift */; };
/* End PBXBuildFile section */

/* Begin PBXFileReference section */
		9898FD8E1C1D01AE007B9A46 /* PitchPerfect.app */ = {isa = PBXFileReference; explicitFileType = wrapper.application; includeInIndex = 0; path = PitchPerfect.app; sourceTree = BUILT_PRODUCTS_DIR; };
		9898FD911C1D01AE007B9A46 /* AppDelegate.swift */ = {isa = PBXFileReference; lastKnownFileType = sourcecode.swift; path = AppDelegate.swift; sourceTree = "<group>"; };
		9898FD931C1D01AE007B9A46 /* RecordSoundsViewController.swift */ = {isa = PBXFileReference; lastKnownFileType = sourcecode.swift; path = RecordSoundsViewController.swift; sourceTree = "<group>"; };
		9898FD961C1D01AE007B9A46 /* Base */ = {isa = PBXFileReference; lastKnownFileType = file.storyboard; name = Base; path = Base.lproj/Main.storyboard; sourceTree = "<group>"; };
		9898FD981C1D01AE007B9A46 /* Assets.xcassets */ = {isa = PBXFileReference; lastKnownFileType = folder.assetcatalog; path = Assets.xcassets; sourceTree = "<group>"; };
		9898FD9B1C1D01AE007B9A46 /* Base */ = {isa = PBXFileReference; lastKnownFileType = file.storyboard; name = Base; path = Base.lproj/LaunchScreen.storyboard; sourceTree = "<group>"; };
		9898FD9D1C1D01AE007B9A46 /* Info.plist */ = {isa = PBXFileReference; lastKnownFileType = text.plist.xml; path = Info.plist; sourceTree = "<group>"; };
		9898FDA31C1DCE81007B9A46 /* PlaySoundsViewControlller.swift */ = {isa = PBXFileReference; fileEncoding = 4; lastKnownFileType = sourcecode.swift; path = PlaySoundsViewControlller.swift; sourceTree = "<group>"; };
		98EEC9C41C1E2694000A824F /* Constants.swift */ = {isa = PBXFileReference; fileEncoding = 4; lastKnownFileType = sourcecode.swift; path = Constants.swift; sourceTree = "<group>"; };
		98FECD631C1DF4DF006ECE13 /* RecordedAudio.swift */ = {isa = PBXFileReference; fileEncoding = 4; lastKnownFileType = sourcecode.swift; path = RecordedAudio.swift; sourceTree = "<group>"; };
/* End PBXFileReference section */

/* Begin PBXFrameworksBuildPhase section */
		9898FD8B1C1D01AE007B9A46 /* Frameworks */ = {
			isa = PBXFrameworksBuildPhase;
			buildActionMask = 2147483647;
			files = (
			);
			runOnlyForDeploymentPostprocessing = 0;
		};
/* End PBXFrameworksBuildPhase section */

/* Begin PBXGroup section */
		9898FD851C1D01AE007B9A46 = {
			isa = PBXGroup;
			children = (
				9898FD901C1D01AE007B9A46 /* PitchPerfect */,
				9898FD8F1C1D01AE007B9A46 /* Products */,
			);
			sourceTree = "<group>";
		};
		9898FD8F1C1D01AE007B9A46 /* Products */ = {
			isa = PBXGroup;
			children = (
				9898FD8E1C1D01AE007B9A46 /* PitchPerfect.app */,
			);
			name = Products;
			sourceTree = "<group>";
		};
		9898FD901C1D01AE007B9A46 /* PitchPerfect */ = {
			isa = PBXGroup;
			children = (
				9898FD911C1D01AE007B9A46 /* AppDelegate.swift */,
				9898FD931C1D01AE007B9A46 /* RecordSoundsViewController.swift */,
				98FECD631C1DF4DF006ECE13 /* RecordedAudio.swift */,
				9898FD951C1D01AE007B9A46 /* Main.storyboard */,
				9898FD981C1D01AE007B9A46 /* Assets.xcassets */,
				9898FD9A1C1D01AE007B9A46 /* LaunchScreen.storyboard */,
				9898FD9D1C1D01AE007B9A46 /* Info.plist */,
				9898FDA31C1DCE81007B9A46 /* PlaySoundsViewControlller.swift */,
				98EEC9C41C1E2694000A824F /* Constants.swift */,
			);
			path = PitchPerfect;
			sourceTree = "<group>";
		};
/* End PBXGroup section */

/* Begin PBXNativeTarget section */
		9898FD8D1C1D01AE007B9A46 /* PitchPerfect */ = {
			isa = PBXNativeTarget;
			buildConfigurationList = 9898FDA01C1D01AE007B9A46 /* Build configuration list for PBXNativeTarget "PitchPerfect" */;
			buildPhases = (
				9898FD8A1C1D01AE007B9A46 /* Sources */,
				9898FD8B1C1D01AE007B9A46 /* Frameworks */,
				9898FD8C1C1D01AE007B9A46 /* Resources */,
			);
			buildRules = (
			);
			dependencies = (
			);
			name = PitchPerfect;
			productName = PitchPerfect;
			productReference = 9898FD8E1C1D01AE007B9A46 /* PitchPerfect.app */;
			productType = "com.apple.product-type.application";
		};
/* End PBXNativeTarget section */

/* Begin PBXProject section */
		9898FD861C1D01AE007B9A46 /* Project object */ = {
			isa = PBXProject;
			attributes = {
				LastSwiftUpdateCheck = 0720;
				LastUpgradeCheck = 0720;
				ORGANIZATIONNAME = "Todor Gospodinov";
				TargetAttributes = {
					9898FD8D1C1D01AE007B9A46 = {
						CreatedOnToolsVersion = 7.2;
						DevelopmentTeam = 9G5RAG969N;
					};
				};
			};
			buildConfigurationList = 9898FD891C1D01AE007B9A46 /* Build configuration list for PBXProject "PitchPerfect" */;
			compatibilityVersion = "Xcode 3.2";
			developmentRegion = English;
			hasScannedForEncodings = 0;
			knownRegions = (
				en,
				Base,
			);
			mainGroup = 9898FD851C1D01AE007B9A46;
			productRefGroup = 9898FD8F1C1D01AE007B9A46 /* Products */;
			projectDirPath = "";
			projectRoot = "";
			targets = (
				9898FD8D1C1D01AE007B9A46 /* PitchPerfect */,
			);
		};
/* End PBXProject section */

/* Begin PBXResourcesBuildPhase section */
		9898FD8C1C1D01AE007B9A46 /* Resources */ = {
			isa = PBXResourcesBuildPhase;
			buildActionMask = 2147483647;
			files = (
				9898FD9C1C1D01AE007B9A46 /* LaunchScreen.storyboard in Resources */,
				9898FD991C1D01AE007B9A46 /* Assets.xcassets in Resources */,
				9898FD971C1D01AE007B9A46 /* Main.storyboard in Resources */,
			);
			runOnlyForDeploymentPostprocessing = 0;
		};
/* End PBXResourcesBuildPhase section */

/* Begin PBXSourcesBuildPhase section */
		9898FD8A1C1D01AE007B9A46 /* Sources */ = {
			isa = PBXSourcesBuildPhase;
			buildActionMask = 2147483647;
			files = (
				98EEC9C51C1E2694000A824F /* Constants.swift in Sources */,
				98FECD641C1DF4DF006ECE13 /* RecordedAudio.swift in Sources */,
				9898FD941C1D01AE007B9A46 /* RecordSoundsViewController.swift in Sources */,
				9898FDA41C1DCE81007B9A46 /* PlaySoundsViewControlller.swift in Sources */,
				9898FD921C1D01AE007B9A46 /* AppDelegate.swift in Sources */,
			);
			runOnlyForDeploymentPostprocessing = 0;
		};
/* End PBXSourcesBuildPhase section */

/* Begin PBXVariantGroup section */
		9898FD951C1D01AE007B9A46 /* Main.storyboard */ = {
			isa = PBXVariantGroup;
			children = (
				9898FD961C1D01AE007B9A46 /* Base */,
			);
			name = Main.storyboard;
			sourceTree = "<group>";
		};
		9898FD9A1C1D01AE007B9A46 /* LaunchScreen.storyboard */ = {
			isa = PBXVariantGroup;
			children = (
				9898FD9B1C1D01AE007B9A46 /* Base */,
			);
			name = LaunchScreen.storyboard;
			sourceTree = "<group>";
		};
/* End PBXVariantGroup section */

/* Begin XCBuildConfiguration section */
		9898FD9E1C1D01AE007B9A46 /* Debug */ = {
			isa = XCBuildConfiguration;
			buildSettings = {
				ALWAYS_SEARCH_USER_PATHS = NO;
				CLANG_CXX_LANGUAGE_STANDARD = "gnu++0x";
				CLANG_CXX_LIBRARY = "libc++";
				CLANG_ENABLE_MODULES = YES;
				CLANG_ENABLE_OBJC_ARC = YES;
				CLANG_WARN_BOOL_CONVERSION = YES;
				CLANG_WARN_CONSTANT_CONVERSION = YES;
				CLANG_WARN_DIRECT_OBJC_ISA_USAGE = YES_ERROR;
				CLANG_WARN_EMPTY_BODY = YES;
				CLANG_WARN_ENUM_CONVERSION = YES;
				CLANG_WARN_INT_CONVERSION = YES;
				CLANG_WARN_OBJC_ROOT_CLASS = YES_ERROR;
				CLANG_WARN_UNREACHABLE_CODE = YES;
				CLANG_WARN__DUPLICATE_METHOD_MATCH = YES;
				"CODE_SIGN_IDENTITY[sdk=iphoneos*]" = "iPhone Developer";
				COPY_PHASE_STRIP = NO;
				DEBUG_INFORMATION_FORMAT = dwarf;
				ENABLE_STRICT_OBJC_MSGSEND = YES;
				ENABLE_TESTABILITY = YES;
				GCC_C_LANGUAGE_STANDARD = gnu99;
				GCC_DYNAMIC_NO_PIC = NO;
				GCC_NO_COMMON_BLOCKS = YES;
				GCC_OPTIMIZATION_LEVEL = 0;
				GCC_PREPROCESSOR_DEFINITIONS = (
					"DEBUG=1",
					"$(inherited)",
				);
				GCC_WARN_64_TO_32_BIT_CONVERSION = YES;
				GCC_WARN_ABOUT_RETURN_TYPE = YES_ERROR;
				GCC_WARN_UNDECLARED_SELECTOR = YES;
				GCC_WARN_UNINITIALIZED_AUTOS = YES_AGGRESSIVE;
				GCC_WARN_UNUSED_FUNCTION = YES;
				GCC_WARN_UNUSED_VARIABLE = YES;
				IPHONEOS_DEPLOYMENT_TARGET = 9.2;
				MTL_ENABLE_DEBUG_INFO = YES;
				ONLY_ACTIVE_ARCH = YES;
				SDKROOT = iphoneos;
				SWIFT_OPTIMIZATION_LEVEL = "-Onone";
			};
			name = Debug;
		};
		9898FD9F1C1D01AE007B9A46 /* Release */ = {
			isa = XCBuildConfiguration;
			buildSettings = {
				ALWAYS_SEARCH_USER_PATHS = NO;
				CLANG_CXX_LANGUAGE_STANDARD = "gnu++0x";
				CLANG_CXX_LIBRARY = "libc++";
				CLANG_ENABLE_MODULES = YES;
				CLANG_ENABLE_OBJC_ARC = YES;
				CLANG_WARN_BOOL_CONVERSION = YES;
				CLANG_WARN_CONSTANT_CONVERSION = YES;
				CLANG_WARN_DIRECT_OBJC_ISA_USAGE = YES_ERROR;
				CLANG_WARN_EMPTY_BODY = YES;
				CLANG_WARN_ENUM_CONVERSION = YES;
				CLANG_WARN_INT_CONVERSION = YES;
				CLANG_WARN_OBJC_ROOT_CLASS = YES_ERROR;
				CLANG_WARN_UNREACHABLE_CODE = YES;
				CLANG_WARN__DUPLICATE_METHOD_MATCH = YES;
				"CODE_SIGN_IDENTITY[sdk=iphoneos*]" = "iPhone Developer";
				COPY_PHASE_STRIP = NO;
				DEBUG_INFORMATION_FORMAT = "dwarf-with-dsym";
				ENABLE_NS_ASSERTIONS = NO;
				ENABLE_STRICT_OBJC_MSGSEND = YES;
				GCC_C_LANGUAGE_STANDARD = gnu99;
				GCC_NO_COMMON_BLOCKS = YES;
				GCC_WARN_64_TO_32_BIT_CONVERSION = YES;
				GCC_WARN_ABOUT_RETURN_TYPE = YES_ERROR;
				GCC_WARN_UNDECLARED_SELECTOR = YES;
				GCC_WARN_UNINITIALIZED_AUTOS = YES_AGGRESSIVE;
				GCC_WARN_UNUSED_FUNCTION = YES;
				GCC_WARN_UNUSED_VARIABLE = YES;
				IPHONEOS_DEPLOYMENT_TARGET = 9.2;
				MTL_ENABLE_DEBUG_INFO = NO;
				SDKROOT = iphoneos;
				VALIDATE_PRODUCT = YES;
			};
			name = Release;
		};
		9898FDA11C1D01AE007B9A46 /* Debug */ = {
			isa = XCBuildConfiguration;
			buildSettings = {
				ASSETCATALOG_COMPILER_APPICON_NAME = AppIcon;
				INFOPLIST_FILE = PitchPerfect/Info.plist;
				LD_RUNPATH_SEARCH_PATHS = "$(inherited) @executable_path/Frameworks";
				PRODUCT_BUNDLE_IDENTIFIER = pro.gospodinov.pitchperfect.PitchPerfect;
				PRODUCT_NAME = "$(TARGET_NAME)";
			};
			name = Debug;
		};
		9898FDA21C1D01AE007B9A46 /* Release */ = {
			isa = XCBuildConfiguration;
			buildSettings = {
				ASSETCATALOG_COMPILER_APPICON_NAME = AppIcon;
				INFOPLIST_FILE = PitchPerfect/Info.plist;
				LD_RUNPATH_SEARCH_PATHS = "$(inherited) @executable_path/Frameworks";
				PRODUCT_BUNDLE_IDENTIFIER = pro.gospodinov.pitchperfect.PitchPerfect;
				PRODUCT_NAME = "$(TARGET_NAME)";
			};
			name = Release;
		};
/* End XCBuildConfiguration section */

/* Begin XCConfigurationList section */
		9898FD891C1D01AE007B9A46 /* Build configuration list for PBXProject "PitchPerfect" */ = {
			isa = XCConfigurationList;
			buildConfigurations = (
				9898FD9E1C1D01AE007B9A46 /* Debug */,
				9898FD9F1C1D01AE007B9A46 /* Release */,
			);
			defaultConfigurationIsVisible = 0;
			defaultConfigurationName = Release;
		};
		9898FDA01C1D01AE007B9A46 /* Build configuration list for PBXNativeTarget "PitchPerfect" */ = {
			isa = XCConfigurationList;
			buildConfigurations = (
				9898FDA11C1D01AE007B9A46 /* Debug */,
				9898FDA21C1D01AE007B9A46 /* Release */,
			);
			defaultConfigurationIsVisible = 0;
			defaultConfigurationName = Release;
		};
/* End XCConfigurationList section */
	};
	rootObject = 9898FD861C1D01AE007B9A46 /* Project object */;
}
